// !$*UTF8*$!
{
	archiveVersion = 1;
	classes = {
	};
	objectVersion = 46;
	objects = {

/* Begin PBXBuildFile section */
		6E013D1C1DDBFC25005DCDC7 /* HYColumnListViewController.m in Sources */ = {isa = PBXBuildFile; fileRef = 6E013D1A1DDBFC25005DCDC7 /* HYColumnListViewController.m */; };
		6E013D1D1DDBFC25005DCDC7 /* HYColumnListViewController.xib in Resources */ = {isa = PBXBuildFile; fileRef = 6E013D1B1DDBFC25005DCDC7 /* HYColumnListViewController.xib */; };
		6E013D211DDBFCC3005DCDC7 /* HYPersonalViewController.m in Sources */ = {isa = PBXBuildFile; fileRef = 6E013D1F1DDBFCC3005DCDC7 /* HYPersonalViewController.m */; };
		6E013D221DDBFCC3005DCDC7 /* HYPersonalViewController.xib in Resources */ = {isa = PBXBuildFile; fileRef = 6E013D201DDBFCC3005DCDC7 /* HYPersonalViewController.xib */; };
		6E013D251DDBFD17005DCDC7 /* HYHomeVideoListTableCell.m in Sources */ = {isa = PBXBuildFile; fileRef = 6E013D241DDBFD17005DCDC7 /* HYHomeVideoListTableCell.m */; };
		6E013D281DDBFD4E005DCDC7 /* HYHomeVideoListTableCell.xib in Resources */ = {isa = PBXBuildFile; fileRef = 6E013D271DDBFD4E005DCDC7 /* HYHomeVideoListTableCell.xib */; };
		6E013D2E1DDBFF48005DCDC7 /* HYLoginViewController.m in Sources */ = {isa = PBXBuildFile; fileRef = 6E013D2C1DDBFF48005DCDC7 /* HYLoginViewController.m */; };
		6E013D2F1DDBFF48005DCDC7 /* HYLoginViewController.xib in Resources */ = {isa = PBXBuildFile; fileRef = 6E013D2D1DDBFF48005DCDC7 /* HYLoginViewController.xib */; };
		6E013D331DDC0200005DCDC7 /* HYRegisterViewController.m in Sources */ = {isa = PBXBuildFile; fileRef = 6E013D311DDC0200005DCDC7 /* HYRegisterViewController.m */; };
		6E013D341DDC0200005DCDC7 /* HYRegisterViewController.xib in Resources */ = {isa = PBXBuildFile; fileRef = 6E013D321DDC0200005DCDC7 /* HYRegisterViewController.xib */; };
		6E013D381DDC021A005DCDC7 /* HYForgotPWDViewController.m in Sources */ = {isa = PBXBuildFile; fileRef = 6E013D361DDC021A005DCDC7 /* HYForgotPWDViewController.m */; };
		6E013D391DDC021A005DCDC7 /* HYForgotPWDViewController.xib in Resources */ = {isa = PBXBuildFile; fileRef = 6E013D371DDC021A005DCDC7 /* HYForgotPWDViewController.xib */; };
		6E013D3D1DDC060F005DCDC7 /* HYSecretaryMSGListViewController.m in Sources */ = {isa = PBXBuildFile; fileRef = 6E013D3B1DDC060F005DCDC7 /* HYSecretaryMSGListViewController.m */; };
		6E013D3E1DDC060F005DCDC7 /* HYSecretaryMSGListViewController.xib in Resources */ = {isa = PBXBuildFile; fileRef = 6E013D3C1DDC060F005DCDC7 /* HYSecretaryMSGListViewController.xib */; };
		6E31E06D1DD564B5009E137A /* main.m in Sources */ = {isa = PBXBuildFile; fileRef = 6E31E06C1DD564B5009E137A /* main.m */; };
		6E31E0701DD564B5009E137A /* AppDelegate.m in Sources */ = {isa = PBXBuildFile; fileRef = 6E31E06F1DD564B5009E137A /* AppDelegate.m */; };
		6E31E0A11DD5A983009E137A /* CodeStyle.txt in Resources */ = {isa = PBXBuildFile; fileRef = 6E31E0A01DD5A983009E137A /* CodeStyle.txt */; };
		6E31E0D51DD5B07E009E137A /* TencentOpenAPI.framework in Frameworks */ = {isa = PBXBuildFile; fileRef = 6E31E0C11DD5B07E009E137A /* TencentOpenAPI.framework */; };
		6E31E0D61DD5B07E009E137A /* libWeChatSDK.a in Frameworks */ = {isa = PBXBuildFile; fileRef = 6E31E0C31DD5B07E009E137A /* libWeChatSDK.a */; };
		6E31E0D71DD5B07E009E137A /* libWeiboSDK.a in Frameworks */ = {isa = PBXBuildFile; fileRef = 6E31E0C81DD5B07E009E137A /* libWeiboSDK.a */; };
		6E31E0D81DD5B07E009E137A /* WeiboSDK.bundle in Resources */ = {isa = PBXBuildFile; fileRef = 6E31E0D21DD5B07E009E137A /* WeiboSDK.bundle */; };
		6E31E0DF1DD5B1D6009E137A /* ViewController.m in Sources */ = {isa = PBXBuildFile; fileRef = 6E31E0DE1DD5B1D6009E137A /* ViewController.m */; };
		6E31E0E91DD5B731009E137A /* AppImages.xcassets in Resources */ = {isa = PBXBuildFile; fileRef = 6E31E0E81DD5B731009E137A /* AppImages.xcassets */; };
		6E9245D41DD98F43007A6E6C /* libc++.tbd in Frameworks */ = {isa = PBXBuildFile; fileRef = 6E9245D31DD98F43007A6E6C /* libc++.tbd */; };
		6E9245D61DD9904A007A6E6C /* CoreTelephony.framework in Frameworks */ = {isa = PBXBuildFile; fileRef = 6E9245D51DD9904A007A6E6C /* CoreTelephony.framework */; };
		6E9246311DD99700007A6E6C /* NSArray+Extension.m in Sources */ = {isa = PBXBuildFile; fileRef = 6E9245D91DD996FF007A6E6C /* NSArray+Extension.m */; };
		6E9246321DD99700007A6E6C /* NSData+YYAdd.m in Sources */ = {isa = PBXBuildFile; fileRef = 6E9245DB1DD996FF007A6E6C /* NSData+YYAdd.m */; };
		6E9246331DD99700007A6E6C /* NSDate+Extension.m in Sources */ = {isa = PBXBuildFile; fileRef = 6E9245DD1DD996FF007A6E6C /* NSDate+Extension.m */; };
		6E9246341DD99700007A6E6C /* NSMutableArray+Shuffle.m in Sources */ = {isa = PBXBuildFile; fileRef = 6E9245DF1DD996FF007A6E6C /* NSMutableArray+Shuffle.m */; };
		6E9246351DD99700007A6E6C /* NSNumber+YYAdd.m in Sources */ = {isa = PBXBuildFile; fileRef = 6E9245E11DD996FF007A6E6C /* NSNumber+YYAdd.m */; };
		6E9246361DD99700007A6E6C /* NSObject+Extension.m in Sources */ = {isa = PBXBuildFile; fileRef = 6E9245E31DD996FF007A6E6C /* NSObject+Extension.m */; };
		6E9246371DD99700007A6E6C /* NSString+Extension.m in Sources */ = {isa = PBXBuildFile; fileRef = 6E9245E51DD996FF007A6E6C /* NSString+Extension.m */; };
		6E9246381DD99700007A6E6C /* NSString+Time.m in Sources */ = {isa = PBXBuildFile; fileRef = 6E9245E71DD996FF007A6E6C /* NSString+Time.m */; };
		6E9246391DD99700007A6E6C /* NSString+YYAdd.m in Sources */ = {isa = PBXBuildFile; fileRef = 6E9245E91DD996FF007A6E6C /* NSString+YYAdd.m */; };
		6E92463A1DD99700007A6E6C /* NSTimer+Extension.m in Sources */ = {isa = PBXBuildFile; fileRef = 6E9245EB1DD996FF007A6E6C /* NSTimer+Extension.m */; };
		6E92463B1DD99700007A6E6C /* UIDevice+YYAdd.m in Sources */ = {isa = PBXBuildFile; fileRef = 6E9245ED1DD996FF007A6E6C /* UIDevice+YYAdd.m */; };
		6E92463C1DD99700007A6E6C /* UIImage+Extension.m in Sources */ = {isa = PBXBuildFile; fileRef = 6E9245EF1DD996FF007A6E6C /* UIImage+Extension.m */; };
		6E92463D1DD99700007A6E6C /* UIImage+YYAdd.m in Sources */ = {isa = PBXBuildFile; fileRef = 6E9245F11DD996FF007A6E6C /* UIImage+YYAdd.m */; };
		6E92463E1DD99700007A6E6C /* UIImageView+Extension.m in Sources */ = {isa = PBXBuildFile; fileRef = 6E9245F31DD996FF007A6E6C /* UIImageView+Extension.m */; };
		6E92463F1DD99700007A6E6C /* UINavigationBar+Extension.m in Sources */ = {isa = PBXBuildFile; fileRef = 6E9245F51DD996FF007A6E6C /* UINavigationBar+Extension.m */; };
		6E9246401DD99700007A6E6C /* UINavigationController+Extension.m in Sources */ = {isa = PBXBuildFile; fileRef = 6E9245F71DD996FF007A6E6C /* UINavigationController+Extension.m */; };
		6E9246411DD99700007A6E6C /* UIScrollView+Extension.m in Sources */ = {isa = PBXBuildFile; fileRef = 6E9245F91DD996FF007A6E6C /* UIScrollView+Extension.m */; };
		6E9246421DD99700007A6E6C /* UIToolbar+Extension.m in Sources */ = {isa = PBXBuildFile; fileRef = 6E9245FB1DD996FF007A6E6C /* UIToolbar+Extension.m */; };
		6E9246431DD99700007A6E6C /* UIView+Extension.m in Sources */ = {isa = PBXBuildFile; fileRef = 6E9245FD1DD996FF007A6E6C /* UIView+Extension.m */; };
		6E9246441DD99700007A6E6C /* UIView+Shake.m in Sources */ = {isa = PBXBuildFile; fileRef = 6E9245FF1DD996FF007A6E6C /* UIView+Shake.m */; };
		6E9246451DD99700007A6E6C /* UIView+YYAdd.m in Sources */ = {isa = PBXBuildFile; fileRef = 6E9246011DD996FF007A6E6C /* UIView+YYAdd.m */; };
		6E9246461DD99700007A6E6C /* YYCGUtilities.m in Sources */ = {isa = PBXBuildFile; fileRef = 6E9246041DD996FF007A6E6C /* YYCGUtilities.m */; };
		6E9246471DD99700007A6E6C /* CoreCollectionViewCell.m in Sources */ = {isa = PBXBuildFile; fileRef = 6E9246061DD996FF007A6E6C /* CoreCollectionViewCell.m */; };
		6E9246481DD99700007A6E6C /* CoreNibFileCache.m in Sources */ = {isa = PBXBuildFile; fileRef = 6E92460A1DD996FF007A6E6C /* CoreNibFileCache.m */; };
		6E9246491DD99700007A6E6C /* CoreTableViewCell.m in Sources */ = {isa = PBXBuildFile; fileRef = 6E92460C1DD996FF007A6E6C /* CoreTableViewCell.m */; };
		6E92464A1DD99700007A6E6C /* CoreUILabel.m in Sources */ = {isa = PBXBuildFile; fileRef = 6E92460E1DD996FF007A6E6C /* CoreUILabel.m */; };
		6E92464B1DD99700007A6E6C /* CoreUIView.m in Sources */ = {isa = PBXBuildFile; fileRef = 6E9246101DD996FF007A6E6C /* CoreUIView.m */; };
		6E92464C1DD99700007A6E6C /* CoreUIViewController.m in Sources */ = {isa = PBXBuildFile; fileRef = 6E9246121DD99700007A6E6C /* CoreUIViewController.m */; };
		6E92464D1DD99700007A6E6C /* CoreUIViewController+Notification.m in Sources */ = {isa = PBXBuildFile; fileRef = 6E9246141DD99700007A6E6C /* CoreUIViewController+Notification.m */; };
		6E92464E1DD99700007A6E6C /* CoreCache.m in Sources */ = {isa = PBXBuildFile; fileRef = 6E9246171DD99700007A6E6C /* CoreCache.m */; };
		6E92464F1DD99700007A6E6C /* CoreQueue.m in Sources */ = {isa = PBXBuildFile; fileRef = 6E9246191DD99700007A6E6C /* CoreQueue.m */; };
		6E9246501DD99700007A6E6C /* CoreStore.m in Sources */ = {isa = PBXBuildFile; fileRef = 6E92461B1DD99700007A6E6C /* CoreStore.m */; };
		6E9246511DD99700007A6E6C /* MessageNotificationManager.m in Sources */ = {isa = PBXBuildFile; fileRef = 6E92461D1DD99700007A6E6C /* MessageNotificationManager.m */; };
		6E9246521DD99700007A6E6C /* MessageNotificationView.m in Sources */ = {isa = PBXBuildFile; fileRef = 6E92461F1DD99700007A6E6C /* MessageNotificationView.m */; };
		6E9246531DD99700007A6E6C /* CommonHelper.m in Sources */ = {isa = PBXBuildFile; fileRef = 6E9246221DD99700007A6E6C /* CommonHelper.m */; };
		6E9246541DD99700007A6E6C /* NSArray+JSON.m in Sources */ = {isa = PBXBuildFile; fileRef = 6E9246241DD99700007A6E6C /* NSArray+JSON.m */; };
		6E9246551DD99700007A6E6C /* NSObject+JSON.m in Sources */ = {isa = PBXBuildFile; fileRef = 6E9246261DD99700007A6E6C /* NSObject+JSON.m */; };
		6E9246561DD99700007A6E6C /* ObjectArray.m in Sources */ = {isa = PBXBuildFile; fileRef = 6E9246291DD99700007A6E6C /* ObjectArray.m */; };
		6E9246571DD99700007A6E6C /* UILabel+Extension.m in Sources */ = {isa = PBXBuildFile; fileRef = 6E92462B1DD99700007A6E6C /* UILabel+Extension.m */; };
		6E9246581DD99700007A6E6C /* AppUtility.m in Sources */ = {isa = PBXBuildFile; fileRef = 6E92462E1DD99700007A6E6C /* AppUtility.m */; };
		6E9246591DD99700007A6E6C /* DeviceUtility.m in Sources */ = {isa = PBXBuildFile; fileRef = 6E9246301DD99700007A6E6C /* DeviceUtility.m */; };
		6ED120741DDB09D50053F81B /* HYHomePageViewController.m in Sources */ = {isa = PBXBuildFile; fileRef = 6ED120721DDB09D50053F81B /* HYHomePageViewController.m */; };
		6ED120751DDB09D50053F81B /* HYHomePageViewController.xib in Resources */ = {isa = PBXBuildFile; fileRef = 6ED120731DDB09D50053F81B /* HYHomePageViewController.xib */; };
		8DA42A50BEF7F570E7D57F42 /* libPods-HooViewApp.a in Frameworks */ = {isa = PBXBuildFile; fileRef = D38CCB0B17967BBC817F74C8 /* libPods-HooViewApp.a */; };
		B58005E41DD9922900295C73 /* README.txt in Resources */ = {isa = PBXBuildFile; fileRef = B58005E31DD9922900295C73 /* README.txt */; };
		B58005E61DD9923700295C73 /* CFNetwork.framework in Frameworks */ = {isa = PBXBuildFile; fileRef = B58005E51DD9923700295C73 /* CFNetwork.framework */; };
/* End PBXBuildFile section */

/* Begin PBXContainerItemProxy section */
		6E31E0821DD564B5009E137A /* PBXContainerItemProxy */ = {
			isa = PBXContainerItemProxy;
			containerPortal = 6E31E0601DD564B5009E137A /* Project object */;
			proxyType = 1;
			remoteGlobalIDString = 6E31E0671DD564B5009E137A;
			remoteInfo = HooViewApp;
		};
		6E31E08D1DD564B5009E137A /* PBXContainerItemProxy */ = {
			isa = PBXContainerItemProxy;
			containerPortal = 6E31E0601DD564B5009E137A /* Project object */;
			proxyType = 1;
			remoteGlobalIDString = 6E31E0671DD564B5009E137A;
			remoteInfo = HooViewApp;
		};
/* End PBXContainerItemProxy section */

/* Begin PBXFileReference section */
		6E013D191DDBFC25005DCDC7 /* HYColumnListViewController.h */ = {isa = PBXFileReference; fileEncoding = 4; lastKnownFileType = sourcecode.c.h; path = HYColumnListViewController.h; sourceTree = "<group>"; };
		6E013D1A1DDBFC25005DCDC7 /* HYColumnListViewController.m */ = {isa = PBXFileReference; fileEncoding = 4; lastKnownFileType = sourcecode.c.objc; path = HYColumnListViewController.m; sourceTree = "<group>"; };
		6E013D1B1DDBFC25005DCDC7 /* HYColumnListViewController.xib */ = {isa = PBXFileReference; fileEncoding = 4; lastKnownFileType = file.xib; path = HYColumnListViewController.xib; sourceTree = "<group>"; };
		6E013D1E1DDBFCC3005DCDC7 /* HYPersonalViewController.h */ = {isa = PBXFileReference; fileEncoding = 4; lastKnownFileType = sourcecode.c.h; path = HYPersonalViewController.h; sourceTree = "<group>"; };
		6E013D1F1DDBFCC3005DCDC7 /* HYPersonalViewController.m */ = {isa = PBXFileReference; fileEncoding = 4; lastKnownFileType = sourcecode.c.objc; path = HYPersonalViewController.m; sourceTree = "<group>"; };
		6E013D201DDBFCC3005DCDC7 /* HYPersonalViewController.xib */ = {isa = PBXFileReference; fileEncoding = 4; lastKnownFileType = file.xib; path = HYPersonalViewController.xib; sourceTree = "<group>"; };
		6E013D231DDBFD17005DCDC7 /* HYHomeVideoListTableCell.h */ = {isa = PBXFileReference; fileEncoding = 4; lastKnownFileType = sourcecode.c.h; path = HYHomeVideoListTableCell.h; sourceTree = "<group>"; };
		6E013D241DDBFD17005DCDC7 /* HYHomeVideoListTableCell.m */ = {isa = PBXFileReference; fileEncoding = 4; lastKnownFileType = sourcecode.c.objc; path = HYHomeVideoListTableCell.m; sourceTree = "<group>"; };
		6E013D271DDBFD4E005DCDC7 /* HYHomeVideoListTableCell.xib */ = {isa = PBXFileReference; fileEncoding = 4; lastKnownFileType = file.xib; path = HYHomeVideoListTableCell.xib; sourceTree = "<group>"; };
		6E013D2B1DDBFF48005DCDC7 /* HYLoginViewController.h */ = {isa = PBXFileReference; fileEncoding = 4; lastKnownFileType = sourcecode.c.h; path = HYLoginViewController.h; sourceTree = "<group>"; };
		6E013D2C1DDBFF48005DCDC7 /* HYLoginViewController.m */ = {isa = PBXFileReference; fileEncoding = 4; lastKnownFileType = sourcecode.c.objc; path = HYLoginViewController.m; sourceTree = "<group>"; };
		6E013D2D1DDBFF48005DCDC7 /* HYLoginViewController.xib */ = {isa = PBXFileReference; fileEncoding = 4; lastKnownFileType = file.xib; path = HYLoginViewController.xib; sourceTree = "<group>"; };
		6E013D301DDC0200005DCDC7 /* HYRegisterViewController.h */ = {isa = PBXFileReference; fileEncoding = 4; lastKnownFileType = sourcecode.c.h; path = HYRegisterViewController.h; sourceTree = "<group>"; };
		6E013D311DDC0200005DCDC7 /* HYRegisterViewController.m */ = {isa = PBXFileReference; fileEncoding = 4; lastKnownFileType = sourcecode.c.objc; path = HYRegisterViewController.m; sourceTree = "<group>"; };
		6E013D321DDC0200005DCDC7 /* HYRegisterViewController.xib */ = {isa = PBXFileReference; fileEncoding = 4; lastKnownFileType = file.xib; path = HYRegisterViewController.xib; sourceTree = "<group>"; };
		6E013D351DDC021A005DCDC7 /* HYForgotPWDViewController.h */ = {isa = PBXFileReference; fileEncoding = 4; lastKnownFileType = sourcecode.c.h; path = HYForgotPWDViewController.h; sourceTree = "<group>"; };
		6E013D361DDC021A005DCDC7 /* HYForgotPWDViewController.m */ = {isa = PBXFileReference; fileEncoding = 4; lastKnownFileType = sourcecode.c.objc; path = HYForgotPWDViewController.m; sourceTree = "<group>"; };
		6E013D371DDC021A005DCDC7 /* HYForgotPWDViewController.xib */ = {isa = PBXFileReference; fileEncoding = 4; lastKnownFileType = file.xib; path = HYForgotPWDViewController.xib; sourceTree = "<group>"; };
		6E013D3A1DDC060F005DCDC7 /* HYSecretaryMSGListViewController.h */ = {isa = PBXFileReference; fileEncoding = 4; lastKnownFileType = sourcecode.c.h; path = HYSecretaryMSGListViewController.h; sourceTree = "<group>"; };
		6E013D3B1DDC060F005DCDC7 /* HYSecretaryMSGListViewController.m */ = {isa = PBXFileReference; fileEncoding = 4; lastKnownFileType = sourcecode.c.objc; path = HYSecretaryMSGListViewController.m; sourceTree = "<group>"; };
		6E013D3C1DDC060F005DCDC7 /* HYSecretaryMSGListViewController.xib */ = {isa = PBXFileReference; fileEncoding = 4; lastKnownFileType = file.xib; path = HYSecretaryMSGListViewController.xib; sourceTree = "<group>"; };
		6E31E0681DD564B5009E137A /* HooViewApp.app */ = {isa = PBXFileReference; explicitFileType = wrapper.application; includeInIndex = 0; path = HooViewApp.app; sourceTree = BUILT_PRODUCTS_DIR; };
		6E31E06C1DD564B5009E137A /* main.m */ = {isa = PBXFileReference; lastKnownFileType = sourcecode.c.objc; path = main.m; sourceTree = "<group>"; };
		6E31E06E1DD564B5009E137A /* AppDelegate.h */ = {isa = PBXFileReference; lastKnownFileType = sourcecode.c.h; path = AppDelegate.h; sourceTree = "<group>"; };
		6E31E06F1DD564B5009E137A /* AppDelegate.m */ = {isa = PBXFileReference; lastKnownFileType = sourcecode.c.objc; path = AppDelegate.m; sourceTree = "<group>"; };
		6E31E07C1DD564B5009E137A /* Info.plist */ = {isa = PBXFileReference; lastKnownFileType = text.plist.xml; path = Info.plist; sourceTree = "<group>"; };
		6E31E0811DD564B5009E137A /* HooViewAppTests.xctest */ = {isa = PBXFileReference; explicitFileType = wrapper.cfbundle; includeInIndex = 0; path = HooViewAppTests.xctest; sourceTree = BUILT_PRODUCTS_DIR; };
		6E31E08C1DD564B5009E137A /* HooViewAppUITests.xctest */ = {isa = PBXFileReference; explicitFileType = wrapper.cfbundle; includeInIndex = 0; path = HooViewAppUITests.xctest; sourceTree = BUILT_PRODUCTS_DIR; };
		6E31E0A01DD5A983009E137A /* CodeStyle.txt */ = {isa = PBXFileReference; fileEncoding = 4; lastKnownFileType = text; path = CodeStyle.txt; sourceTree = "<group>"; };
		6E31E0BF1DD5B07E009E137A /* 3rdLibHeader.h */ = {isa = PBXFileReference; fileEncoding = 4; lastKnownFileType = sourcecode.c.h; path = 3rdLibHeader.h; sourceTree = "<group>"; };
		6E31E0C11DD5B07E009E137A /* TencentOpenAPI.framework */ = {isa = PBXFileReference; lastKnownFileType = wrapper.framework; path = TencentOpenAPI.framework; sourceTree = "<group>"; };
		6E31E0C31DD5B07E009E137A /* libWeChatSDK.a */ = {isa = PBXFileReference; lastKnownFileType = archive.ar; path = libWeChatSDK.a; sourceTree = "<group>"; };
		6E31E0C41DD5B07E009E137A /* WechatAuthSDK.h */ = {isa = PBXFileReference; fileEncoding = 4; lastKnownFileType = sourcecode.c.h; path = WechatAuthSDK.h; sourceTree = "<group>"; };
		6E31E0C51DD5B07E009E137A /* WXApi.h */ = {isa = PBXFileReference; fileEncoding = 4; lastKnownFileType = sourcecode.c.h; path = WXApi.h; sourceTree = "<group>"; };
		6E31E0C61DD5B07E009E137A /* WXApiObject.h */ = {isa = PBXFileReference; fileEncoding = 4; lastKnownFileType = sourcecode.c.h; path = WXApiObject.h; sourceTree = "<group>"; };
		6E31E0C81DD5B07E009E137A /* libWeiboSDK.a */ = {isa = PBXFileReference; lastKnownFileType = archive.ar; path = libWeiboSDK.a; sourceTree = "<group>"; };
		6E31E0C91DD5B07E009E137A /* WBHttpRequest+WeiboGame.h */ = {isa = PBXFileReference; fileEncoding = 4; lastKnownFileType = sourcecode.c.h; path = "WBHttpRequest+WeiboGame.h"; sourceTree = "<group>"; };
		6E31E0CA1DD5B07E009E137A /* WBHttpRequest+WeiboShare.h */ = {isa = PBXFileReference; fileEncoding = 4; lastKnownFileType = sourcecode.c.h; path = "WBHttpRequest+WeiboShare.h"; sourceTree = "<group>"; };
		6E31E0CB1DD5B07E009E137A /* WBHttpRequest+WeiboToken.h */ = {isa = PBXFileReference; fileEncoding = 4; lastKnownFileType = sourcecode.c.h; path = "WBHttpRequest+WeiboToken.h"; sourceTree = "<group>"; };
		6E31E0CC1DD5B07E009E137A /* WBHttpRequest+WeiboUser.h */ = {isa = PBXFileReference; fileEncoding = 4; lastKnownFileType = sourcecode.c.h; path = "WBHttpRequest+WeiboUser.h"; sourceTree = "<group>"; };
		6E31E0CD1DD5B07E009E137A /* WBHttpRequest.h */ = {isa = PBXFileReference; fileEncoding = 4; lastKnownFileType = sourcecode.c.h; path = WBHttpRequest.h; sourceTree = "<group>"; };
		6E31E0CE1DD5B07E009E137A /* WBSDKBasicButton.h */ = {isa = PBXFileReference; fileEncoding = 4; lastKnownFileType = sourcecode.c.h; path = WBSDKBasicButton.h; sourceTree = "<group>"; };
		6E31E0CF1DD5B07E009E137A /* WBSDKCommentButton.h */ = {isa = PBXFileReference; fileEncoding = 4; lastKnownFileType = sourcecode.c.h; path = WBSDKCommentButton.h; sourceTree = "<group>"; };
		6E31E0D01DD5B07E009E137A /* WBSDKRelationshipButton.h */ = {isa = PBXFileReference; fileEncoding = 4; lastKnownFileType = sourcecode.c.h; path = WBSDKRelationshipButton.h; sourceTree = "<group>"; };
		6E31E0D11DD5B07E009E137A /* WeiboSDK+Statistics.h */ = {isa = PBXFileReference; fileEncoding = 4; lastKnownFileType = sourcecode.c.h; path = "WeiboSDK+Statistics.h"; sourceTree = "<group>"; };
		6E31E0D21DD5B07E009E137A /* WeiboSDK.bundle */ = {isa = PBXFileReference; lastKnownFileType = "wrapper.plug-in"; path = WeiboSDK.bundle; sourceTree = "<group>"; };
		6E31E0D31DD5B07E009E137A /* WeiboSDK.h */ = {isa = PBXFileReference; fileEncoding = 4; lastKnownFileType = sourcecode.c.h; path = WeiboSDK.h; sourceTree = "<group>"; };
		6E31E0D41DD5B07E009E137A /* WeiboUser.h */ = {isa = PBXFileReference; fileEncoding = 4; lastKnownFileType = sourcecode.c.h; path = WeiboUser.h; sourceTree = "<group>"; };
		6E31E0DD1DD5B1D6009E137A /* ViewController.h */ = {isa = PBXFileReference; fileEncoding = 4; lastKnownFileType = sourcecode.c.h; path = ViewController.h; sourceTree = "<group>"; };
		6E31E0DE1DD5B1D6009E137A /* ViewController.m */ = {isa = PBXFileReference; fileEncoding = 4; lastKnownFileType = sourcecode.c.objc; path = ViewController.m; sourceTree = "<group>"; };
		6E31E0E81DD5B731009E137A /* AppImages.xcassets */ = {isa = PBXFileReference; lastKnownFileType = folder.assetcatalog; path = AppImages.xcassets; sourceTree = "<group>"; };
		6E9245D31DD98F43007A6E6C /* libc++.tbd */ = {isa = PBXFileReference; lastKnownFileType = "sourcecode.text-based-dylib-definition"; name = "libc++.tbd"; path = "usr/lib/libc++.tbd"; sourceTree = SDKROOT; };
		6E9245D51DD9904A007A6E6C /* CoreTelephony.framework */ = {isa = PBXFileReference; lastKnownFileType = wrapper.framework; name = CoreTelephony.framework; path = System/Library/Frameworks/CoreTelephony.framework; sourceTree = SDKROOT; };
		6E9245D81DD996FF007A6E6C /* NSArray+Extension.h */ = {isa = PBXFileReference; fileEncoding = 4; lastKnownFileType = sourcecode.c.h; path = "NSArray+Extension.h"; sourceTree = "<group>"; };
		6E9245D91DD996FF007A6E6C /* NSArray+Extension.m */ = {isa = PBXFileReference; fileEncoding = 4; lastKnownFileType = sourcecode.c.objc; path = "NSArray+Extension.m"; sourceTree = "<group>"; };
		6E9245DA1DD996FF007A6E6C /* NSData+YYAdd.h */ = {isa = PBXFileReference; fileEncoding = 4; lastKnownFileType = sourcecode.c.h; path = "NSData+YYAdd.h"; sourceTree = "<group>"; };
		6E9245DB1DD996FF007A6E6C /* NSData+YYAdd.m */ = {isa = PBXFileReference; fileEncoding = 4; lastKnownFileType = sourcecode.c.objc; path = "NSData+YYAdd.m"; sourceTree = "<group>"; };
		6E9245DC1DD996FF007A6E6C /* NSDate+Extension.h */ = {isa = PBXFileReference; fileEncoding = 4; lastKnownFileType = sourcecode.c.h; path = "NSDate+Extension.h"; sourceTree = "<group>"; };
		6E9245DD1DD996FF007A6E6C /* NSDate+Extension.m */ = {isa = PBXFileReference; fileEncoding = 4; lastKnownFileType = sourcecode.c.objc; path = "NSDate+Extension.m"; sourceTree = "<group>"; };
		6E9245DE1DD996FF007A6E6C /* NSMutableArray+Shuffle.h */ = {isa = PBXFileReference; fileEncoding = 4; lastKnownFileType = sourcecode.c.h; path = "NSMutableArray+Shuffle.h"; sourceTree = "<group>"; };
		6E9245DF1DD996FF007A6E6C /* NSMutableArray+Shuffle.m */ = {isa = PBXFileReference; fileEncoding = 4; lastKnownFileType = sourcecode.c.objc; path = "NSMutableArray+Shuffle.m"; sourceTree = "<group>"; };
		6E9245E01DD996FF007A6E6C /* NSNumber+YYAdd.h */ = {isa = PBXFileReference; fileEncoding = 4; lastKnownFileType = sourcecode.c.h; path = "NSNumber+YYAdd.h"; sourceTree = "<group>"; };
		6E9245E11DD996FF007A6E6C /* NSNumber+YYAdd.m */ = {isa = PBXFileReference; fileEncoding = 4; lastKnownFileType = sourcecode.c.objc; path = "NSNumber+YYAdd.m"; sourceTree = "<group>"; };
		6E9245E21DD996FF007A6E6C /* NSObject+Extension.h */ = {isa = PBXFileReference; fileEncoding = 4; lastKnownFileType = sourcecode.c.h; path = "NSObject+Extension.h"; sourceTree = "<group>"; };
		6E9245E31DD996FF007A6E6C /* NSObject+Extension.m */ = {isa = PBXFileReference; fileEncoding = 4; lastKnownFileType = sourcecode.c.objc; path = "NSObject+Extension.m"; sourceTree = "<group>"; };
		6E9245E41DD996FF007A6E6C /* NSString+Extension.h */ = {isa = PBXFileReference; fileEncoding = 4; lastKnownFileType = sourcecode.c.h; path = "NSString+Extension.h"; sourceTree = "<group>"; };
		6E9245E51DD996FF007A6E6C /* NSString+Extension.m */ = {isa = PBXFileReference; fileEncoding = 4; lastKnownFileType = sourcecode.c.objc; path = "NSString+Extension.m"; sourceTree = "<group>"; };
		6E9245E61DD996FF007A6E6C /* NSString+Time.h */ = {isa = PBXFileReference; fileEncoding = 4; lastKnownFileType = sourcecode.c.h; path = "NSString+Time.h"; sourceTree = "<group>"; };
		6E9245E71DD996FF007A6E6C /* NSString+Time.m */ = {isa = PBXFileReference; fileEncoding = 4; lastKnownFileType = sourcecode.c.objc; path = "NSString+Time.m"; sourceTree = "<group>"; };
		6E9245E81DD996FF007A6E6C /* NSString+YYAdd.h */ = {isa = PBXFileReference; fileEncoding = 4; lastKnownFileType = sourcecode.c.h; path = "NSString+YYAdd.h"; sourceTree = "<group>"; };
		6E9245E91DD996FF007A6E6C /* NSString+YYAdd.m */ = {isa = PBXFileReference; fileEncoding = 4; lastKnownFileType = sourcecode.c.objc; path = "NSString+YYAdd.m"; sourceTree = "<group>"; };
		6E9245EA1DD996FF007A6E6C /* NSTimer+Extension.h */ = {isa = PBXFileReference; fileEncoding = 4; lastKnownFileType = sourcecode.c.h; path = "NSTimer+Extension.h"; sourceTree = "<group>"; };
		6E9245EB1DD996FF007A6E6C /* NSTimer+Extension.m */ = {isa = PBXFileReference; fileEncoding = 4; lastKnownFileType = sourcecode.c.objc; path = "NSTimer+Extension.m"; sourceTree = "<group>"; };
		6E9245EC1DD996FF007A6E6C /* UIDevice+YYAdd.h */ = {isa = PBXFileReference; fileEncoding = 4; lastKnownFileType = sourcecode.c.h; path = "UIDevice+YYAdd.h"; sourceTree = "<group>"; };
		6E9245ED1DD996FF007A6E6C /* UIDevice+YYAdd.m */ = {isa = PBXFileReference; fileEncoding = 4; lastKnownFileType = sourcecode.c.objc; path = "UIDevice+YYAdd.m"; sourceTree = "<group>"; };
		6E9245EE1DD996FF007A6E6C /* UIImage+Extension.h */ = {isa = PBXFileReference; fileEncoding = 4; lastKnownFileType = sourcecode.c.h; path = "UIImage+Extension.h"; sourceTree = "<group>"; };
		6E9245EF1DD996FF007A6E6C /* UIImage+Extension.m */ = {isa = PBXFileReference; fileEncoding = 4; lastKnownFileType = sourcecode.c.objc; path = "UIImage+Extension.m"; sourceTree = "<group>"; };
		6E9245F01DD996FF007A6E6C /* UIImage+YYAdd.h */ = {isa = PBXFileReference; fileEncoding = 4; lastKnownFileType = sourcecode.c.h; path = "UIImage+YYAdd.h"; sourceTree = "<group>"; };
		6E9245F11DD996FF007A6E6C /* UIImage+YYAdd.m */ = {isa = PBXFileReference; fileEncoding = 4; lastKnownFileType = sourcecode.c.objc; path = "UIImage+YYAdd.m"; sourceTree = "<group>"; };
		6E9245F21DD996FF007A6E6C /* UIImageView+Extension.h */ = {isa = PBXFileReference; fileEncoding = 4; lastKnownFileType = sourcecode.c.h; path = "UIImageView+Extension.h"; sourceTree = "<group>"; };
		6E9245F31DD996FF007A6E6C /* UIImageView+Extension.m */ = {isa = PBXFileReference; fileEncoding = 4; lastKnownFileType = sourcecode.c.objc; path = "UIImageView+Extension.m"; sourceTree = "<group>"; };
		6E9245F41DD996FF007A6E6C /* UINavigationBar+Extension.h */ = {isa = PBXFileReference; fileEncoding = 4; lastKnownFileType = sourcecode.c.h; path = "UINavigationBar+Extension.h"; sourceTree = "<group>"; };
		6E9245F51DD996FF007A6E6C /* UINavigationBar+Extension.m */ = {isa = PBXFileReference; fileEncoding = 4; lastKnownFileType = sourcecode.c.objc; path = "UINavigationBar+Extension.m"; sourceTree = "<group>"; };
		6E9245F61DD996FF007A6E6C /* UINavigationController+Extension.h */ = {isa = PBXFileReference; fileEncoding = 4; lastKnownFileType = sourcecode.c.h; path = "UINavigationController+Extension.h"; sourceTree = "<group>"; };
		6E9245F71DD996FF007A6E6C /* UINavigationController+Extension.m */ = {isa = PBXFileReference; fileEncoding = 4; lastKnownFileType = sourcecode.c.objc; path = "UINavigationController+Extension.m"; sourceTree = "<group>"; };
		6E9245F81DD996FF007A6E6C /* UIScrollView+Extension.h */ = {isa = PBXFileReference; fileEncoding = 4; lastKnownFileType = sourcecode.c.h; path = "UIScrollView+Extension.h"; sourceTree = "<group>"; };
		6E9245F91DD996FF007A6E6C /* UIScrollView+Extension.m */ = {isa = PBXFileReference; fileEncoding = 4; lastKnownFileType = sourcecode.c.objc; path = "UIScrollView+Extension.m"; sourceTree = "<group>"; };
		6E9245FA1DD996FF007A6E6C /* UIToolbar+Extension.h */ = {isa = PBXFileReference; fileEncoding = 4; lastKnownFileType = sourcecode.c.h; path = "UIToolbar+Extension.h"; sourceTree = "<group>"; };
		6E9245FB1DD996FF007A6E6C /* UIToolbar+Extension.m */ = {isa = PBXFileReference; fileEncoding = 4; lastKnownFileType = sourcecode.c.objc; path = "UIToolbar+Extension.m"; sourceTree = "<group>"; };
		6E9245FC1DD996FF007A6E6C /* UIView+Extension.h */ = {isa = PBXFileReference; fileEncoding = 4; lastKnownFileType = sourcecode.c.h; path = "UIView+Extension.h"; sourceTree = "<group>"; };
		6E9245FD1DD996FF007A6E6C /* UIView+Extension.m */ = {isa = PBXFileReference; fileEncoding = 4; lastKnownFileType = sourcecode.c.objc; path = "UIView+Extension.m"; sourceTree = "<group>"; };
		6E9245FE1DD996FF007A6E6C /* UIView+Shake.h */ = {isa = PBXFileReference; fileEncoding = 4; lastKnownFileType = sourcecode.c.h; path = "UIView+Shake.h"; sourceTree = "<group>"; };
		6E9245FF1DD996FF007A6E6C /* UIView+Shake.m */ = {isa = PBXFileReference; fileEncoding = 4; lastKnownFileType = sourcecode.c.objc; path = "UIView+Shake.m"; sourceTree = "<group>"; };
		6E9246001DD996FF007A6E6C /* UIView+YYAdd.h */ = {isa = PBXFileReference; fileEncoding = 4; lastKnownFileType = sourcecode.c.h; path = "UIView+YYAdd.h"; sourceTree = "<group>"; };
		6E9246011DD996FF007A6E6C /* UIView+YYAdd.m */ = {isa = PBXFileReference; fileEncoding = 4; lastKnownFileType = sourcecode.c.objc; path = "UIView+YYAdd.m"; sourceTree = "<group>"; };
		6E9246021DD996FF007A6E6C /* YYCategoriesMacro.h */ = {isa = PBXFileReference; fileEncoding = 4; lastKnownFileType = sourcecode.c.h; path = YYCategoriesMacro.h; sourceTree = "<group>"; };
		6E9246031DD996FF007A6E6C /* YYCGUtilities.h */ = {isa = PBXFileReference; fileEncoding = 4; lastKnownFileType = sourcecode.c.h; path = YYCGUtilities.h; sourceTree = "<group>"; };
		6E9246041DD996FF007A6E6C /* YYCGUtilities.m */ = {isa = PBXFileReference; fileEncoding = 4; lastKnownFileType = sourcecode.c.objc; path = YYCGUtilities.m; sourceTree = "<group>"; };
		6E9246051DD996FF007A6E6C /* CoreCollectionViewCell.h */ = {isa = PBXFileReference; fileEncoding = 4; lastKnownFileType = sourcecode.c.h; path = CoreCollectionViewCell.h; sourceTree = "<group>"; };
		6E9246061DD996FF007A6E6C /* CoreCollectionViewCell.m */ = {isa = PBXFileReference; fileEncoding = 4; lastKnownFileType = sourcecode.c.objc; path = CoreCollectionViewCell.m; sourceTree = "<group>"; };
		6E9246071DD996FF007A6E6C /* CoreHeader.h */ = {isa = PBXFileReference; fileEncoding = 4; lastKnownFileType = sourcecode.c.h; path = CoreHeader.h; sourceTree = "<group>"; };
		6E9246081DD996FF007A6E6C /* CoreMacros.h */ = {isa = PBXFileReference; fileEncoding = 4; lastKnownFileType = sourcecode.c.h; path = CoreMacros.h; sourceTree = "<group>"; };
		6E9246091DD996FF007A6E6C /* CoreNibFileCache.h */ = {isa = PBXFileReference; fileEncoding = 4; lastKnownFileType = sourcecode.c.h; path = CoreNibFileCache.h; sourceTree = "<group>"; };
		6E92460A1DD996FF007A6E6C /* CoreNibFileCache.m */ = {isa = PBXFileReference; fileEncoding = 4; lastKnownFileType = sourcecode.c.objc; path = CoreNibFileCache.m; sourceTree = "<group>"; };
		6E92460B1DD996FF007A6E6C /* CoreTableViewCell.h */ = {isa = PBXFileReference; fileEncoding = 4; lastKnownFileType = sourcecode.c.h; path = CoreTableViewCell.h; sourceTree = "<group>"; };
		6E92460C1DD996FF007A6E6C /* CoreTableViewCell.m */ = {isa = PBXFileReference; fileEncoding = 4; lastKnownFileType = sourcecode.c.objc; path = CoreTableViewCell.m; sourceTree = "<group>"; };
		6E92460D1DD996FF007A6E6C /* CoreUILabel.h */ = {isa = PBXFileReference; fileEncoding = 4; lastKnownFileType = sourcecode.c.h; path = CoreUILabel.h; sourceTree = "<group>"; };
		6E92460E1DD996FF007A6E6C /* CoreUILabel.m */ = {isa = PBXFileReference; fileEncoding = 4; lastKnownFileType = sourcecode.c.objc; path = CoreUILabel.m; sourceTree = "<group>"; };
		6E92460F1DD996FF007A6E6C /* CoreUIView.h */ = {isa = PBXFileReference; fileEncoding = 4; lastKnownFileType = sourcecode.c.h; path = CoreUIView.h; sourceTree = "<group>"; };
		6E9246101DD996FF007A6E6C /* CoreUIView.m */ = {isa = PBXFileReference; fileEncoding = 4; lastKnownFileType = sourcecode.c.objc; path = CoreUIView.m; sourceTree = "<group>"; };
		6E9246111DD996FF007A6E6C /* CoreUIViewController.h */ = {isa = PBXFileReference; fileEncoding = 4; lastKnownFileType = sourcecode.c.h; path = CoreUIViewController.h; sourceTree = "<group>"; };
		6E9246121DD99700007A6E6C /* CoreUIViewController.m */ = {isa = PBXFileReference; fileEncoding = 4; lastKnownFileType = sourcecode.c.objc; path = CoreUIViewController.m; sourceTree = "<group>"; };
		6E9246131DD99700007A6E6C /* CoreUIViewController+Notification.h */ = {isa = PBXFileReference; fileEncoding = 4; lastKnownFileType = sourcecode.c.h; path = "CoreUIViewController+Notification.h"; sourceTree = "<group>"; };
		6E9246141DD99700007A6E6C /* CoreUIViewController+Notification.m */ = {isa = PBXFileReference; fileEncoding = 4; lastKnownFileType = sourcecode.c.objc; path = "CoreUIViewController+Notification.m"; sourceTree = "<group>"; };
		6E9246161DD99700007A6E6C /* CoreCache.h */ = {isa = PBXFileReference; fileEncoding = 4; lastKnownFileType = sourcecode.c.h; path = CoreCache.h; sourceTree = "<group>"; };
		6E9246171DD99700007A6E6C /* CoreCache.m */ = {isa = PBXFileReference; fileEncoding = 4; lastKnownFileType = sourcecode.c.objc; path = CoreCache.m; sourceTree = "<group>"; };
		6E9246181DD99700007A6E6C /* CoreQueue.h */ = {isa = PBXFileReference; fileEncoding = 4; lastKnownFileType = sourcecode.c.h; path = CoreQueue.h; sourceTree = "<group>"; };
		6E9246191DD99700007A6E6C /* CoreQueue.m */ = {isa = PBXFileReference; fileEncoding = 4; lastKnownFileType = sourcecode.c.objc; path = CoreQueue.m; sourceTree = "<group>"; };
		6E92461A1DD99700007A6E6C /* CoreStore.h */ = {isa = PBXFileReference; fileEncoding = 4; lastKnownFileType = sourcecode.c.h; path = CoreStore.h; sourceTree = "<group>"; };
		6E92461B1DD99700007A6E6C /* CoreStore.m */ = {isa = PBXFileReference; fileEncoding = 4; lastKnownFileType = sourcecode.c.objc; path = CoreStore.m; sourceTree = "<group>"; };
		6E92461C1DD99700007A6E6C /* MessageNotificationManager.h */ = {isa = PBXFileReference; fileEncoding = 4; lastKnownFileType = sourcecode.c.h; path = MessageNotificationManager.h; sourceTree = "<group>"; };
		6E92461D1DD99700007A6E6C /* MessageNotificationManager.m */ = {isa = PBXFileReference; fileEncoding = 4; lastKnownFileType = sourcecode.c.objc; path = MessageNotificationManager.m; sourceTree = "<group>"; };
		6E92461E1DD99700007A6E6C /* MessageNotificationView.h */ = {isa = PBXFileReference; fileEncoding = 4; lastKnownFileType = sourcecode.c.h; path = MessageNotificationView.h; sourceTree = "<group>"; };
		6E92461F1DD99700007A6E6C /* MessageNotificationView.m */ = {isa = PBXFileReference; fileEncoding = 4; lastKnownFileType = sourcecode.c.objc; path = MessageNotificationView.m; sourceTree = "<group>"; };
		6E9246211DD99700007A6E6C /* CommonHelper.h */ = {isa = PBXFileReference; fileEncoding = 4; lastKnownFileType = sourcecode.c.h; path = CommonHelper.h; sourceTree = "<group>"; };
		6E9246221DD99700007A6E6C /* CommonHelper.m */ = {isa = PBXFileReference; fileEncoding = 4; lastKnownFileType = sourcecode.c.objc; path = CommonHelper.m; sourceTree = "<group>"; };
		6E9246231DD99700007A6E6C /* NSArray+JSON.h */ = {isa = PBXFileReference; fileEncoding = 4; lastKnownFileType = sourcecode.c.h; path = "NSArray+JSON.h"; sourceTree = "<group>"; };
		6E9246241DD99700007A6E6C /* NSArray+JSON.m */ = {isa = PBXFileReference; fileEncoding = 4; lastKnownFileType = sourcecode.c.objc; path = "NSArray+JSON.m"; sourceTree = "<group>"; };
		6E9246251DD99700007A6E6C /* NSObject+JSON.h */ = {isa = PBXFileReference; fileEncoding = 4; lastKnownFileType = sourcecode.c.h; path = "NSObject+JSON.h"; sourceTree = "<group>"; };
		6E9246261DD99700007A6E6C /* NSObject+JSON.m */ = {isa = PBXFileReference; fileEncoding = 4; lastKnownFileType = sourcecode.c.objc; path = "NSObject+JSON.m"; sourceTree = "<group>"; };
		6E9246271DD99700007A6E6C /* NSObjectJSON.h */ = {isa = PBXFileReference; fileEncoding = 4; lastKnownFileType = sourcecode.c.h; path = NSObjectJSON.h; sourceTree = "<group>"; };
		6E9246281DD99700007A6E6C /* ObjectArray.h */ = {isa = PBXFileReference; fileEncoding = 4; lastKnownFileType = sourcecode.c.h; path = ObjectArray.h; sourceTree = "<group>"; };
		6E9246291DD99700007A6E6C /* ObjectArray.m */ = {isa = PBXFileReference; fileEncoding = 4; lastKnownFileType = sourcecode.c.objc; path = ObjectArray.m; sourceTree = "<group>"; };
		6E92462A1DD99700007A6E6C /* UILabel+Extension.h */ = {isa = PBXFileReference; fileEncoding = 4; lastKnownFileType = sourcecode.c.h; name = "UILabel+Extension.h"; path = "../UILabel+Extension.h"; sourceTree = "<group>"; };
		6E92462B1DD99700007A6E6C /* UILabel+Extension.m */ = {isa = PBXFileReference; fileEncoding = 4; lastKnownFileType = sourcecode.c.objc; name = "UILabel+Extension.m"; path = "../UILabel+Extension.m"; sourceTree = "<group>"; };
		6E92462D1DD99700007A6E6C /* AppUtility.h */ = {isa = PBXFileReference; fileEncoding = 4; lastKnownFileType = sourcecode.c.h; path = AppUtility.h; sourceTree = "<group>"; };
		6E92462E1DD99700007A6E6C /* AppUtility.m */ = {isa = PBXFileReference; fileEncoding = 4; lastKnownFileType = sourcecode.c.objc; path = AppUtility.m; sourceTree = "<group>"; };
		6E92462F1DD99700007A6E6C /* DeviceUtility.h */ = {isa = PBXFileReference; fileEncoding = 4; lastKnownFileType = sourcecode.c.h; path = DeviceUtility.h; sourceTree = "<group>"; };
		6E9246301DD99700007A6E6C /* DeviceUtility.m */ = {isa = PBXFileReference; fileEncoding = 4; lastKnownFileType = sourcecode.c.objc; path = DeviceUtility.m; sourceTree = "<group>"; };
		6ED120711DDB09D50053F81B /* HYHomePageViewController.h */ = {isa = PBXFileReference; fileEncoding = 4; lastKnownFileType = sourcecode.c.h; path = HYHomePageViewController.h; sourceTree = "<group>"; };
		6ED120721DDB09D50053F81B /* HYHomePageViewController.m */ = {isa = PBXFileReference; fileEncoding = 4; lastKnownFileType = sourcecode.c.objc; path = HYHomePageViewController.m; sourceTree = "<group>"; };
		6ED120731DDB09D50053F81B /* HYHomePageViewController.xib */ = {isa = PBXFileReference; fileEncoding = 4; lastKnownFileType = file.xib; path = HYHomePageViewController.xib; sourceTree = "<group>"; };
		9B3BA73F93955EB410DD4FC6 /* Pods-HooViewApp.release.xcconfig */ = {isa = PBXFileReference; includeInIndex = 1; lastKnownFileType = text.xcconfig; name = "Pods-HooViewApp.release.xcconfig"; path = "Pods/Target Support Files/Pods-HooViewApp/Pods-HooViewApp.release.xcconfig"; sourceTree = "<group>"; };
		9BF3F9612BDF5883ED83A701 /* Pods-HooViewApp.debug.xcconfig */ = {isa = PBXFileReference; includeInIndex = 1; lastKnownFileType = text.xcconfig; name = "Pods-HooViewApp.debug.xcconfig"; path = "Pods/Target Support Files/Pods-HooViewApp/Pods-HooViewApp.debug.xcconfig"; sourceTree = "<group>"; };
		B58005E31DD9922900295C73 /* README.txt */ = {isa = PBXFileReference; fileEncoding = 4; lastKnownFileType = text; path = README.txt; sourceTree = "<group>"; };
		B58005E51DD9923700295C73 /* CFNetwork.framework */ = {isa = PBXFileReference; lastKnownFileType = wrapper.framework; name = CFNetwork.framework; path = System/Library/Frameworks/CFNetwork.framework; sourceTree = SDKROOT; };
		D38CCB0B17967BBC817F74C8 /* libPods-HooViewApp.a */ = {isa = PBXFileReference; explicitFileType = archive.ar; includeInIndex = 0; path = "libPods-HooViewApp.a"; sourceTree = BUILT_PRODUCTS_DIR; };
/* End PBXFileReference section */

/* Begin PBXFrameworksBuildPhase section */
		6E31E0651DD564B5009E137A /* Frameworks */ = {
			isa = PBXFrameworksBuildPhase;
			buildActionMask = 2147483647;
			files = (
				B58005E61DD9923700295C73 /* CFNetwork.framework in Frameworks */,
				6E9245D61DD9904A007A6E6C /* CoreTelephony.framework in Frameworks */,
				6E9245D41DD98F43007A6E6C /* libc++.tbd in Frameworks */,
				6E31E0D61DD5B07E009E137A /* libWeChatSDK.a in Frameworks */,
				6E31E0D71DD5B07E009E137A /* libWeiboSDK.a in Frameworks */,
				6E31E0D51DD5B07E009E137A /* TencentOpenAPI.framework in Frameworks */,
				8DA42A50BEF7F570E7D57F42 /* libPods-HooViewApp.a in Frameworks */,
			);
			runOnlyForDeploymentPostprocessing = 0;
		};
		6E31E07E1DD564B5009E137A /* Frameworks */ = {
			isa = PBXFrameworksBuildPhase;
			buildActionMask = 2147483647;
			files = (
			);
			runOnlyForDeploymentPostprocessing = 0;
		};
		6E31E0891DD564B5009E137A /* Frameworks */ = {
			isa = PBXFrameworksBuildPhase;
			buildActionMask = 2147483647;
			files = (
			);
			runOnlyForDeploymentPostprocessing = 0;
		};
/* End PBXFrameworksBuildPhase section */

/* Begin PBXGroup section */
		6E013D261DDBFD1F005DCDC7 /* Home */ = {
			isa = PBXGroup;
			children = (
				6E013D231DDBFD17005DCDC7 /* HYHomeVideoListTableCell.h */,
				6E013D241DDBFD17005DCDC7 /* HYHomeVideoListTableCell.m */,
				6E013D271DDBFD4E005DCDC7 /* HYHomeVideoListTableCell.xib */,
			);
			name = Home;
			sourceTree = "<group>";
		};
		6E013D291DDBFEF0005DCDC7 /* Login&Register */ = {
			isa = PBXGroup;
			children = (
				6E013D2B1DDBFF48005DCDC7 /* HYLoginViewController.h */,
				6E013D2C1DDBFF48005DCDC7 /* HYLoginViewController.m */,
				6E013D2D1DDBFF48005DCDC7 /* HYLoginViewController.xib */,
				6E013D301DDC0200005DCDC7 /* HYRegisterViewController.h */,
				6E013D311DDC0200005DCDC7 /* HYRegisterViewController.m */,
				6E013D321DDC0200005DCDC7 /* HYRegisterViewController.xib */,
				6E013D351DDC021A005DCDC7 /* HYForgotPWDViewController.h */,
				6E013D361DDC021A005DCDC7 /* HYForgotPWDViewController.m */,
				6E013D371DDC021A005DCDC7 /* HYForgotPWDViewController.xib */,
			);
			name = "Login&Register";
			sourceTree = "<group>";
		};
		6E31E05F1DD564B5009E137A = {
			isa = PBXGroup;
			children = (
				6E31E06A1DD564B5009E137A /* HooViewApp */,
				6E31E0691DD564B5009E137A /* Products */,
				6E31E09E1DD5A921009E137A /* Frameworks */,
				6E31E09F1DD5A939009E137A /* Pods */,
			);
			sourceTree = "<group>";
		};
		6E31E0691DD564B5009E137A /* Products */ = {
			isa = PBXGroup;
			children = (
				6E31E0681DD564B5009E137A /* HooViewApp.app */,
				6E31E0811DD564B5009E137A /* HooViewAppTests.xctest */,
				6E31E08C1DD564B5009E137A /* HooViewAppUITests.xctest */,
			);
			name = Products;
			sourceTree = "<group>";
		};
		6E31E06A1DD564B5009E137A /* HooViewApp */ = {
			isa = PBXGroup;
			children = (
				6E31E06E1DD564B5009E137A /* AppDelegate.h */,
				6E31E06F1DD564B5009E137A /* AppDelegate.m */,
				6E31E0BD1DD5AE5F009E137A /* Core */,
				6E31E0D91DD5B0E6009E137A /* Common */,
				6E31E0DA1DD5B100009E137A /* Controller */,
				6E31E0DB1DD5B151009E137A /* VIew */,
				6E31E0DC1DD5B16C009E137A /* Model */,
				6E31E0E01DD5B3F8009E137A /* ServiceAPI */,
				6E31E0E11DD5B419009E137A /* VenderAPI */,
				6E31E0E21DD5B465009E137A /* Resource */,
				6E31E0BE1DD5B07E009E137A /* Libs */,
				6E31E0E31DD5B48B009E137A /* Test */,
				6E31E06B1DD564B5009E137A /* Supporting Files */,
			);
			path = HooViewApp;
			sourceTree = "<group>";
		};
		6E31E06B1DD564B5009E137A /* Supporting Files */ = {
			isa = PBXGroup;
			children = (
				6E31E07C1DD564B5009E137A /* Info.plist */,
				6E31E06C1DD564B5009E137A /* main.m */,
				6E31E0A01DD5A983009E137A /* CodeStyle.txt */,
			);
			name = "Supporting Files";
			sourceTree = "<group>";
		};
		6E31E09E1DD5A921009E137A /* Frameworks */ = {
			isa = PBXGroup;
			children = (
				B58005E51DD9923700295C73 /* CFNetwork.framework */,
				6E9245D51DD9904A007A6E6C /* CoreTelephony.framework */,
				6E9245D31DD98F43007A6E6C /* libc++.tbd */,
				D38CCB0B17967BBC817F74C8 /* libPods-HooViewApp.a */,
			);
			name = Frameworks;
			sourceTree = "<group>";
		};
		6E31E09F1DD5A939009E137A /* Pods */ = {
			isa = PBXGroup;
			children = (
				9BF3F9612BDF5883ED83A701 /* Pods-HooViewApp.debug.xcconfig */,
				9B3BA73F93955EB410DD4FC6 /* Pods-HooViewApp.release.xcconfig */,
			);
			name = Pods;
			sourceTree = "<group>";
		};
		6E31E0BD1DD5AE5F009E137A /* Core */ = {
			isa = PBXGroup;
			children = (
				6E9246071DD996FF007A6E6C /* CoreHeader.h */,
				6E9246081DD996FF007A6E6C /* CoreMacros.h */,
				6E92465D1DD99CBD007A6E6C /* BaseClass */,
				6E92465C1DD99C64007A6E6C /* ViewController */,
				6E92465B1DD99B54007A6E6C /* UIView */,
				6E92465A1DD99B0B007A6E6C /* MessageNotificationView */,
				6E9245D71DD996FF007A6E6C /* Category */,
				6E9246151DD99700007A6E6C /* Foundation */,
				6E92462C1DD99700007A6E6C /* Utility */,
			);
			path = Core;
			sourceTree = "<group>";
		};
		6E31E0BE1DD5B07E009E137A /* Libs */ = {
			isa = PBXGroup;
			children = (
				6E31E0BF1DD5B07E009E137A /* 3rdLibHeader.h */,
				6E31E0C01DD5B07E009E137A /* QQSDK */,
				6E31E0C21DD5B07E009E137A /* WeChatSDK */,
				6E31E0C71DD5B07E009E137A /* WeiBoSDK */,
			);
			path = Libs;
			sourceTree = SOURCE_ROOT;
		};
		6E31E0C01DD5B07E009E137A /* QQSDK */ = {
			isa = PBXGroup;
			children = (
				6E31E0C11DD5B07E009E137A /* TencentOpenAPI.framework */,
			);
			path = QQSDK;
			sourceTree = "<group>";
		};
		6E31E0C21DD5B07E009E137A /* WeChatSDK */ = {
			isa = PBXGroup;
			children = (
				B58005E31DD9922900295C73 /* README.txt */,
				6E31E0C31DD5B07E009E137A /* libWeChatSDK.a */,
				6E31E0C41DD5B07E009E137A /* WechatAuthSDK.h */,
				6E31E0C51DD5B07E009E137A /* WXApi.h */,
				6E31E0C61DD5B07E009E137A /* WXApiObject.h */,
			);
			path = WeChatSDK;
			sourceTree = "<group>";
		};
		6E31E0C71DD5B07E009E137A /* WeiBoSDK */ = {
			isa = PBXGroup;
			children = (
				6E31E0C81DD5B07E009E137A /* libWeiboSDK.a */,
				6E31E0C91DD5B07E009E137A /* WBHttpRequest+WeiboGame.h */,
				6E31E0CA1DD5B07E009E137A /* WBHttpRequest+WeiboShare.h */,
				6E31E0CB1DD5B07E009E137A /* WBHttpRequest+WeiboToken.h */,
				6E31E0CC1DD5B07E009E137A /* WBHttpRequest+WeiboUser.h */,
				6E31E0CD1DD5B07E009E137A /* WBHttpRequest.h */,
				6E31E0CE1DD5B07E009E137A /* WBSDKBasicButton.h */,
				6E31E0CF1DD5B07E009E137A /* WBSDKCommentButton.h */,
				6E31E0D01DD5B07E009E137A /* WBSDKRelationshipButton.h */,
				6E31E0D11DD5B07E009E137A /* WeiboSDK+Statistics.h */,
				6E31E0D21DD5B07E009E137A /* WeiboSDK.bundle */,
				6E31E0D31DD5B07E009E137A /* WeiboSDK.h */,
				6E31E0D41DD5B07E009E137A /* WeiboUser.h */,
			);
			path = WeiBoSDK;
			sourceTree = "<group>";
		};
		6E31E0D91DD5B0E6009E137A /* Common */ = {
			isa = PBXGroup;
			children = (
			);
			path = Common;
			sourceTree = "<group>";
		};
		6E31E0DA1DD5B100009E137A /* Controller */ = {
			isa = PBXGroup;
			children = (
				6E013D291DDBFEF0005DCDC7 /* Login&Register */,
				6ED120761DDB09DB0053F81B /* Home */,
				6E31E0DD1DD5B1D6009E137A /* ViewController.h */,
				6E31E0DE1DD5B1D6009E137A /* ViewController.m */,
			);
			path = Controller;
			sourceTree = "<group>";
		};
		6E31E0DB1DD5B151009E137A /* VIew */ = {
			isa = PBXGroup;
			children = (
				6E013D261DDBFD1F005DCDC7 /* Home */,
			);
			name = VIew;
			path = View;
			sourceTree = "<group>";
		};
		6E31E0DC1DD5B16C009E137A /* Model */ = {
			isa = PBXGroup;
			children = (
			);
			path = Model;
			sourceTree = "<group>";
		};
		6E31E0E01DD5B3F8009E137A /* ServiceAPI */ = {
			isa = PBXGroup;
			children = (
			);
			path = ServiceAPI;
			sourceTree = "<group>";
		};
		6E31E0E11DD5B419009E137A /* VenderAPI */ = {
			isa = PBXGroup;
			children = (
			);
			path = VenderAPI;
			sourceTree = "<group>";
		};
		6E31E0E21DD5B465009E137A /* Resource */ = {
			isa = PBXGroup;
			children = (
				6E31E0E81DD5B731009E137A /* AppImages.xcassets */,
			);
			path = Resource;
			sourceTree = "<group>";
		};
		6E31E0E31DD5B48B009E137A /* Test */ = {
			isa = PBXGroup;
			children = (
			);
			path = Test;
			sourceTree = "<group>";
		};
		6E9245D71DD996FF007A6E6C /* Category */ = {
			isa = PBXGroup;
			children = (
				6E9246201DD99700007A6E6C /* NSObjectJSON */,
				6E92462A1DD99700007A6E6C /* UILabel+Extension.h */,
				6E92462B1DD99700007A6E6C /* UILabel+Extension.m */,
				6E9245D81DD996FF007A6E6C /* NSArray+Extension.h */,
				6E9245D91DD996FF007A6E6C /* NSArray+Extension.m */,
				6E9245DA1DD996FF007A6E6C /* NSData+YYAdd.h */,
				6E9245DB1DD996FF007A6E6C /* NSData+YYAdd.m */,
				6E9245DC1DD996FF007A6E6C /* NSDate+Extension.h */,
				6E9245DD1DD996FF007A6E6C /* NSDate+Extension.m */,
				6E9245DE1DD996FF007A6E6C /* NSMutableArray+Shuffle.h */,
				6E9245DF1DD996FF007A6E6C /* NSMutableArray+Shuffle.m */,
				6E9245E01DD996FF007A6E6C /* NSNumber+YYAdd.h */,
				6E9245E11DD996FF007A6E6C /* NSNumber+YYAdd.m */,
				6E9245E21DD996FF007A6E6C /* NSObject+Extension.h */,
				6E9245E31DD996FF007A6E6C /* NSObject+Extension.m */,
				6E9245E41DD996FF007A6E6C /* NSString+Extension.h */,
				6E9245E51DD996FF007A6E6C /* NSString+Extension.m */,
				6E9245E61DD996FF007A6E6C /* NSString+Time.h */,
				6E9245E71DD996FF007A6E6C /* NSString+Time.m */,
				6E9245E81DD996FF007A6E6C /* NSString+YYAdd.h */,
				6E9245E91DD996FF007A6E6C /* NSString+YYAdd.m */,
				6E9245EA1DD996FF007A6E6C /* NSTimer+Extension.h */,
				6E9245EB1DD996FF007A6E6C /* NSTimer+Extension.m */,
				6E9245EC1DD996FF007A6E6C /* UIDevice+YYAdd.h */,
				6E9245ED1DD996FF007A6E6C /* UIDevice+YYAdd.m */,
				6E9245EE1DD996FF007A6E6C /* UIImage+Extension.h */,
				6E9245EF1DD996FF007A6E6C /* UIImage+Extension.m */,
				6E9245F01DD996FF007A6E6C /* UIImage+YYAdd.h */,
				6E9245F11DD996FF007A6E6C /* UIImage+YYAdd.m */,
				6E9245F21DD996FF007A6E6C /* UIImageView+Extension.h */,
				6E9245F31DD996FF007A6E6C /* UIImageView+Extension.m */,
				6E9245F41DD996FF007A6E6C /* UINavigationBar+Extension.h */,
				6E9245F51DD996FF007A6E6C /* UINavigationBar+Extension.m */,
				6E9245F61DD996FF007A6E6C /* UINavigationController+Extension.h */,
				6E9245F71DD996FF007A6E6C /* UINavigationController+Extension.m */,
				6E9245F81DD996FF007A6E6C /* UIScrollView+Extension.h */,
				6E9245F91DD996FF007A6E6C /* UIScrollView+Extension.m */,
				6E9245FA1DD996FF007A6E6C /* UIToolbar+Extension.h */,
				6E9245FB1DD996FF007A6E6C /* UIToolbar+Extension.m */,
				6E9245FC1DD996FF007A6E6C /* UIView+Extension.h */,
				6E9245FD1DD996FF007A6E6C /* UIView+Extension.m */,
				6E9245FE1DD996FF007A6E6C /* UIView+Shake.h */,
				6E9245FF1DD996FF007A6E6C /* UIView+Shake.m */,
				6E9246001DD996FF007A6E6C /* UIView+YYAdd.h */,
				6E9246011DD996FF007A6E6C /* UIView+YYAdd.m */,
				6E9246021DD996FF007A6E6C /* YYCategoriesMacro.h */,
				6E9246031DD996FF007A6E6C /* YYCGUtilities.h */,
				6E9246041DD996FF007A6E6C /* YYCGUtilities.m */,
			);
			path = Category;
			sourceTree = "<group>";
		};
		6E9246151DD99700007A6E6C /* Foundation */ = {
			isa = PBXGroup;
			children = (
				6E9246161DD99700007A6E6C /* CoreCache.h */,
				6E9246171DD99700007A6E6C /* CoreCache.m */,
				6E9246181DD99700007A6E6C /* CoreQueue.h */,
				6E9246191DD99700007A6E6C /* CoreQueue.m */,
				6E92461A1DD99700007A6E6C /* CoreStore.h */,
				6E92461B1DD99700007A6E6C /* CoreStore.m */,
			);
			path = Foundation;
			sourceTree = "<group>";
		};
		6E9246201DD99700007A6E6C /* NSObjectJSON */ = {
			isa = PBXGroup;
			children = (
				6E9246211DD99700007A6E6C /* CommonHelper.h */,
				6E9246221DD99700007A6E6C /* CommonHelper.m */,
				6E9246231DD99700007A6E6C /* NSArray+JSON.h */,
				6E9246241DD99700007A6E6C /* NSArray+JSON.m */,
				6E9246251DD99700007A6E6C /* NSObject+JSON.h */,
				6E9246261DD99700007A6E6C /* NSObject+JSON.m */,
				6E9246271DD99700007A6E6C /* NSObjectJSON.h */,
				6E9246281DD99700007A6E6C /* ObjectArray.h */,
				6E9246291DD99700007A6E6C /* ObjectArray.m */,
			);
			name = NSObjectJSON;
			path = ../NSObjectJSON;
			sourceTree = "<group>";
		};
		6E92462C1DD99700007A6E6C /* Utility */ = {
			isa = PBXGroup;
			children = (
				6E92462D1DD99700007A6E6C /* AppUtility.h */,
				6E92462E1DD99700007A6E6C /* AppUtility.m */,
				6E92462F1DD99700007A6E6C /* DeviceUtility.h */,
				6E9246301DD99700007A6E6C /* DeviceUtility.m */,
			);
			path = Utility;
			sourceTree = "<group>";
		};
		6E92465A1DD99B0B007A6E6C /* MessageNotificationView */ = {
			isa = PBXGroup;
			children = (
				6E92461C1DD99700007A6E6C /* MessageNotificationManager.h */,
				6E92461D1DD99700007A6E6C /* MessageNotificationManager.m */,
				6E92461E1DD99700007A6E6C /* MessageNotificationView.h */,
				6E92461F1DD99700007A6E6C /* MessageNotificationView.m */,
			);
			name = MessageNotificationView;
			sourceTree = "<group>";
		};
		6E92465B1DD99B54007A6E6C /* UIView */ = {
			isa = PBXGroup;
			children = (
				6E92460D1DD996FF007A6E6C /* CoreUILabel.h */,
				6E92460E1DD996FF007A6E6C /* CoreUILabel.m */,
			);
			name = UIView;
			sourceTree = "<group>";
		};
		6E92465C1DD99C64007A6E6C /* ViewController */ = {
			isa = PBXGroup;
			children = (
				6E9246111DD996FF007A6E6C /* CoreUIViewController.h */,
				6E9246121DD99700007A6E6C /* CoreUIViewController.m */,
				6E9246131DD99700007A6E6C /* CoreUIViewController+Notification.h */,
				6E9246141DD99700007A6E6C /* CoreUIViewController+Notification.m */,
			);
			name = ViewController;
			sourceTree = "<group>";
		};
		6E92465D1DD99CBD007A6E6C /* BaseClass */ = {
			isa = PBXGroup;
			children = (
				6E9246051DD996FF007A6E6C /* CoreCollectionViewCell.h */,
				6E9246061DD996FF007A6E6C /* CoreCollectionViewCell.m */,
				6E9246091DD996FF007A6E6C /* CoreNibFileCache.h */,
				6E92460A1DD996FF007A6E6C /* CoreNibFileCache.m */,
				6E92460B1DD996FF007A6E6C /* CoreTableViewCell.h */,
				6E92460C1DD996FF007A6E6C /* CoreTableViewCell.m */,
				6E92460F1DD996FF007A6E6C /* CoreUIView.h */,
				6E9246101DD996FF007A6E6C /* CoreUIView.m */,
			);
			name = BaseClass;
			sourceTree = "<group>";
		};
		6ED120761DDB09DB0053F81B /* Home */ = {
			isa = PBXGroup;
			children = (
				6ED120711DDB09D50053F81B /* HYHomePageViewController.h */,
				6ED120721DDB09D50053F81B /* HYHomePageViewController.m */,
				6ED120731DDB09D50053F81B /* HYHomePageViewController.xib */,
				6E013D191DDBFC25005DCDC7 /* HYColumnListViewController.h */,
				6E013D1A1DDBFC25005DCDC7 /* HYColumnListViewController.m */,
				6E013D1B1DDBFC25005DCDC7 /* HYColumnListViewController.xib */,
				6E013D1E1DDBFCC3005DCDC7 /* HYPersonalViewController.h */,
				6E013D1F1DDBFCC3005DCDC7 /* HYPersonalViewController.m */,
				6E013D201DDBFCC3005DCDC7 /* HYPersonalViewController.xib */,
				6E013D3A1DDC060F005DCDC7 /* HYSecretaryMSGListViewController.h */,
				6E013D3B1DDC060F005DCDC7 /* HYSecretaryMSGListViewController.m */,
				6E013D3C1DDC060F005DCDC7 /* HYSecretaryMSGListViewController.xib */,
			);
			name = Home;
			sourceTree = "<group>";
		};
/* End PBXGroup section */

/* Begin PBXNativeTarget section */
		6E31E0671DD564B5009E137A /* HooViewApp */ = {
			isa = PBXNativeTarget;
			buildConfigurationList = 6E31E0951DD564B5009E137A /* Build configuration list for PBXNativeTarget "HooViewApp" */;
			buildPhases = (
				93B3617AB7BCCEE493719E27 /* [CP] Check Pods Manifest.lock */,
				6E31E0641DD564B5009E137A /* Sources */,
				6E31E0651DD564B5009E137A /* Frameworks */,
				6E31E0661DD564B5009E137A /* Resources */,
				BBBBF39F1FD3DE0CFBCABE01 /* [CP] Embed Pods Frameworks */,
				4E99AF5AB110364C9D93D85B /* [CP] Copy Pods Resources */,
			);
			buildRules = (
			);
			dependencies = (
			);
			name = HooViewApp;
			productName = HooViewApp;
			productReference = 6E31E0681DD564B5009E137A /* HooViewApp.app */;
			productType = "com.apple.product-type.application";
		};
		6E31E0801DD564B5009E137A /* HooViewAppTests */ = {
			isa = PBXNativeTarget;
			buildConfigurationList = 6E31E0981DD564B5009E137A /* Build configuration list for PBXNativeTarget "HooViewAppTests" */;
			buildPhases = (
				6E31E07D1DD564B5009E137A /* Sources */,
				6E31E07E1DD564B5009E137A /* Frameworks */,
				6E31E07F1DD564B5009E137A /* Resources */,
			);
			buildRules = (
			);
			dependencies = (
				6E31E0831DD564B5009E137A /* PBXTargetDependency */,
			);
			name = HooViewAppTests;
			productName = HooViewAppTests;
			productReference = 6E31E0811DD564B5009E137A /* HooViewAppTests.xctest */;
			productType = "com.apple.product-type.bundle.unit-test";
		};
		6E31E08B1DD564B5009E137A /* HooViewAppUITests */ = {
			isa = PBXNativeTarget;
			buildConfigurationList = 6E31E09B1DD564B5009E137A /* Build configuration list for PBXNativeTarget "HooViewAppUITests" */;
			buildPhases = (
				6E31E0881DD564B5009E137A /* Sources */,
				6E31E0891DD564B5009E137A /* Frameworks */,
				6E31E08A1DD564B5009E137A /* Resources */,
			);
			buildRules = (
			);
			dependencies = (
				6E31E08E1DD564B5009E137A /* PBXTargetDependency */,
			);
			name = HooViewAppUITests;
			productName = HooViewAppUITests;
			productReference = 6E31E08C1DD564B5009E137A /* HooViewAppUITests.xctest */;
			productType = "com.apple.product-type.bundle.ui-testing";
		};
/* End PBXNativeTarget section */

/* Begin PBXProject section */
		6E31E0601DD564B5009E137A /* Project object */ = {
			isa = PBXProject;
			attributes = {
				CLASSPREFIX = HY;
				LastUpgradeCheck = 0810;
				ORGANIZATIONNAME = Ananwu;
				TargetAttributes = {
					6E31E0671DD564B5009E137A = {
						CreatedOnToolsVersion = 8.1;
						DevelopmentTeam = 8YE8AXL3F3;
						ProvisioningStyle = Automatic;
					};
					6E31E0801DD564B5009E137A = {
						CreatedOnToolsVersion = 8.1;
						DevelopmentTeam = UGJ4QZYMFY;
						ProvisioningStyle = Automatic;
						TestTargetID = 6E31E0671DD564B5009E137A;
					};
					6E31E08B1DD564B5009E137A = {
						CreatedOnToolsVersion = 8.1;
						DevelopmentTeam = UGJ4QZYMFY;
						ProvisioningStyle = Automatic;
						TestTargetID = 6E31E0671DD564B5009E137A;
					};
				};
			};
			buildConfigurationList = 6E31E0631DD564B5009E137A /* Build configuration list for PBXProject "HooViewApp" */;
			compatibilityVersion = "Xcode 3.2";
			developmentRegion = English;
			hasScannedForEncodings = 0;
			knownRegions = (
				en,
				Base,
			);
			mainGroup = 6E31E05F1DD564B5009E137A;
			productRefGroup = 6E31E0691DD564B5009E137A /* Products */;
			projectDirPath = "";
			projectRoot = "";
			targets = (
				6E31E0671DD564B5009E137A /* HooViewApp */,
				6E31E0801DD564B5009E137A /* HooViewAppTests */,
				6E31E08B1DD564B5009E137A /* HooViewAppUITests */,
			);
		};
/* End PBXProject section */

/* Begin PBXResourcesBuildPhase section */
		6E31E0661DD564B5009E137A /* Resources */ = {
			isa = PBXResourcesBuildPhase;
			buildActionMask = 2147483647;
			files = (
				6E31E0A11DD5A983009E137A /* CodeStyle.txt in Resources */,
				6E31E0D81DD5B07E009E137A /* WeiboSDK.bundle in Resources */,
				6E013D391DDC021A005DCDC7 /* HYForgotPWDViewController.xib in Resources */,
				6E013D341DDC0200005DCDC7 /* HYRegisterViewController.xib in Resources */,
				6E013D281DDBFD4E005DCDC7 /* HYHomeVideoListTableCell.xib in Resources */,
				B58005E41DD9922900295C73 /* README.txt in Resources */,
				6E013D3E1DDC060F005DCDC7 /* HYSecretaryMSGListViewController.xib in Resources */,
				6E013D1D1DDBFC25005DCDC7 /* HYColumnListViewController.xib in Resources */,
				6E31E0E91DD5B731009E137A /* AppImages.xcassets in Resources */,
				6E013D221DDBFCC3005DCDC7 /* HYPersonalViewController.xib in Resources */,
				6ED120751DDB09D50053F81B /* HYHomePageViewController.xib in Resources */,
				6E013D2F1DDBFF48005DCDC7 /* HYLoginViewController.xib in Resources */,
			);
			runOnlyForDeploymentPostprocessing = 0;
		};
		6E31E07F1DD564B5009E137A /* Resources */ = {
			isa = PBXResourcesBuildPhase;
			buildActionMask = 2147483647;
			files = (
			);
			runOnlyForDeploymentPostprocessing = 0;
		};
		6E31E08A1DD564B5009E137A /* Resources */ = {
			isa = PBXResourcesBuildPhase;
			buildActionMask = 2147483647;
			files = (
			);
			runOnlyForDeploymentPostprocessing = 0;
		};
/* End PBXResourcesBuildPhase section */

/* Begin PBXShellScriptBuildPhase section */
		4E99AF5AB110364C9D93D85B /* [CP] Copy Pods Resources */ = {
			isa = PBXShellScriptBuildPhase;
			buildActionMask = 2147483647;
			files = (
			);
			inputPaths = (
			);
			name = "[CP] Copy Pods Resources";
			outputPaths = (
			);
			runOnlyForDeploymentPostprocessing = 0;
			shellPath = /bin/sh;
			shellScript = "\"${SRCROOT}/Pods/Target Support Files/Pods-HooViewApp/Pods-HooViewApp-resources.sh\"\n";
			showEnvVarsInLog = 0;
		};
		93B3617AB7BCCEE493719E27 /* [CP] Check Pods Manifest.lock */ = {
			isa = PBXShellScriptBuildPhase;
			buildActionMask = 2147483647;
			files = (
			);
			inputPaths = (
			);
			name = "[CP] Check Pods Manifest.lock";
			outputPaths = (
			);
			runOnlyForDeploymentPostprocessing = 0;
			shellPath = /bin/sh;
			shellScript = "diff \"${PODS_ROOT}/../Podfile.lock\" \"${PODS_ROOT}/Manifest.lock\" > /dev/null\nif [[ $? != 0 ]] ; then\n    cat << EOM\nerror: The sandbox is not in sync with the Podfile.lock. Run 'pod install' or update your CocoaPods installation.\nEOM\n    exit 1\nfi\n";
			showEnvVarsInLog = 0;
		};
		BBBBF39F1FD3DE0CFBCABE01 /* [CP] Embed Pods Frameworks */ = {
			isa = PBXShellScriptBuildPhase;
			buildActionMask = 2147483647;
			files = (
			);
			inputPaths = (
			);
			name = "[CP] Embed Pods Frameworks";
			outputPaths = (
			);
			runOnlyForDeploymentPostprocessing = 0;
			shellPath = /bin/sh;
			shellScript = "\"${SRCROOT}/Pods/Target Support Files/Pods-HooViewApp/Pods-HooViewApp-frameworks.sh\"\n";
			showEnvVarsInLog = 0;
		};
/* End PBXShellScriptBuildPhase section */

/* Begin PBXSourcesBuildPhase section */
		6E31E0641DD564B5009E137A /* Sources */ = {
			isa = PBXSourcesBuildPhase;
			buildActionMask = 2147483647;
			files = (
				6E92463C1DD99700007A6E6C /* UIImage+Extension.m in Sources */,
				6E9246481DD99700007A6E6C /* CoreNibFileCache.m in Sources */,
				6E9246491DD99700007A6E6C /* CoreTableViewCell.m in Sources */,
				6E92463D1DD99700007A6E6C /* UIImage+YYAdd.m in Sources */,
				6E013D331DDC0200005DCDC7 /* HYRegisterViewController.m in Sources */,
				6E92464E1DD99700007A6E6C /* CoreCache.m in Sources */,
				6E9246431DD99700007A6E6C /* UIView+Extension.m in Sources */,
				6E92464A1DD99700007A6E6C /* CoreUILabel.m in Sources */,
				6E92464D1DD99700007A6E6C /* CoreUIViewController+Notification.m in Sources */,
				6E9246341DD99700007A6E6C /* NSMutableArray+Shuffle.m in Sources */,
				6E9246411DD99700007A6E6C /* UIScrollView+Extension.m in Sources */,
				6E013D2E1DDBFF48005DCDC7 /* HYLoginViewController.m in Sources */,
				6E9246581DD99700007A6E6C /* AppUtility.m in Sources */,
				6E9246511DD99700007A6E6C /* MessageNotificationManager.m in Sources */,
				6E9246321DD99700007A6E6C /* NSData+YYAdd.m in Sources */,
				6E92464B1DD99700007A6E6C /* CoreUIView.m in Sources */,
				6E9246561DD99700007A6E6C /* ObjectArray.m in Sources */,
				6E9246501DD99700007A6E6C /* CoreStore.m in Sources */,
				6E92463A1DD99700007A6E6C /* NSTimer+Extension.m in Sources */,
				6E013D381DDC021A005DCDC7 /* HYForgotPWDViewController.m in Sources */,
				6E9246421DD99700007A6E6C /* UIToolbar+Extension.m in Sources */,
				6E9246591DD99700007A6E6C /* DeviceUtility.m in Sources */,
				6E013D3D1DDC060F005DCDC7 /* HYSecretaryMSGListViewController.m in Sources */,
				6ED120741DDB09D50053F81B /* HYHomePageViewController.m in Sources */,
				6E9246451DD99700007A6E6C /* UIView+YYAdd.m in Sources */,
				6E9246361DD99700007A6E6C /* NSObject+Extension.m in Sources */,
				6E9246521DD99700007A6E6C /* MessageNotificationView.m in Sources */,
				6E9246381DD99700007A6E6C /* NSString+Time.m in Sources */,
				6E9246531DD99700007A6E6C /* CommonHelper.m in Sources */,
				6E9246401DD99700007A6E6C /* UINavigationController+Extension.m in Sources */,
				6E92464F1DD99700007A6E6C /* CoreQueue.m in Sources */,
				6E9246551DD99700007A6E6C /* NSObject+JSON.m in Sources */,
				6E92464C1DD99700007A6E6C /* CoreUIViewController.m in Sources */,
				6E9246441DD99700007A6E6C /* UIView+Shake.m in Sources */,
				6E9246471DD99700007A6E6C /* CoreCollectionViewCell.m in Sources */,
				6E31E0DF1DD5B1D6009E137A /* ViewController.m in Sources */,
				6E9246391DD99700007A6E6C /* NSString+YYAdd.m in Sources */,
				6E9246571DD99700007A6E6C /* UILabel+Extension.m in Sources */,
				6E92463F1DD99700007A6E6C /* UINavigationBar+Extension.m in Sources */,
				6E9246351DD99700007A6E6C /* NSNumber+YYAdd.m in Sources */,
				6E9246371DD99700007A6E6C /* NSString+Extension.m in Sources */,
				6E9246331DD99700007A6E6C /* NSDate+Extension.m in Sources */,
				6E92463E1DD99700007A6E6C /* UIImageView+Extension.m in Sources */,
				6E013D211DDBFCC3005DCDC7 /* HYPersonalViewController.m in Sources */,
				6E31E0701DD564B5009E137A /* AppDelegate.m in Sources */,
				6E9246541DD99700007A6E6C /* NSArray+JSON.m in Sources */,
				6E013D251DDBFD17005DCDC7 /* HYHomeVideoListTableCell.m in Sources */,
				6E92463B1DD99700007A6E6C /* UIDevice+YYAdd.m in Sources */,
				6E9246461DD99700007A6E6C /* YYCGUtilities.m in Sources */,
				6E9246311DD99700007A6E6C /* NSArray+Extension.m in Sources */,
				6E31E06D1DD564B5009E137A /* main.m in Sources */,
				6E013D1C1DDBFC25005DCDC7 /* HYColumnListViewController.m in Sources */,
			);
			runOnlyForDeploymentPostprocessing = 0;
		};
		6E31E07D1DD564B5009E137A /* Sources */ = {
			isa = PBXSourcesBuildPhase;
			buildActionMask = 2147483647;
			files = (
			);
			runOnlyForDeploymentPostprocessing = 0;
		};
		6E31E0881DD564B5009E137A /* Sources */ = {
			isa = PBXSourcesBuildPhase;
			buildActionMask = 2147483647;
			files = (
			);
			runOnlyForDeploymentPostprocessing = 0;
		};
/* End PBXSourcesBuildPhase section */

/* Begin PBXTargetDependency section */
		6E31E0831DD564B5009E137A /* PBXTargetDependency */ = {
			isa = PBXTargetDependency;
			target = 6E31E0671DD564B5009E137A /* HooViewApp */;
			targetProxy = 6E31E0821DD564B5009E137A /* PBXContainerItemProxy */;
		};
		6E31E08E1DD564B5009E137A /* PBXTargetDependency */ = {
			isa = PBXTargetDependency;
			target = 6E31E0671DD564B5009E137A /* HooViewApp */;
			targetProxy = 6E31E08D1DD564B5009E137A /* PBXContainerItemProxy */;
		};
/* End PBXTargetDependency section */

/* Begin XCBuildConfiguration section */
		6E31E0931DD564B5009E137A /* Debug */ = {
			isa = XCBuildConfiguration;
			buildSettings = {
				ALWAYS_SEARCH_USER_PATHS = NO;
				CLANG_ANALYZER_NONNULL = YES;
				CLANG_CXX_LANGUAGE_STANDARD = "gnu++0x";
				CLANG_CXX_LIBRARY = "libc++";
				CLANG_ENABLE_MODULES = YES;
				CLANG_ENABLE_OBJC_ARC = YES;
				CLANG_WARN_BOOL_CONVERSION = YES;
				CLANG_WARN_CONSTANT_CONVERSION = YES;
				CLANG_WARN_DIRECT_OBJC_ISA_USAGE = YES_ERROR;
				CLANG_WARN_DOCUMENTATION_COMMENTS = YES;
				CLANG_WARN_EMPTY_BODY = YES;
				CLANG_WARN_ENUM_CONVERSION = YES;
				CLANG_WARN_INFINITE_RECURSION = YES;
				CLANG_WARN_INT_CONVERSION = YES;
				CLANG_WARN_OBJC_ROOT_CLASS = YES_ERROR;
				CLANG_WARN_SUSPICIOUS_MOVE = YES;
				CLANG_WARN_SUSPICIOUS_MOVES = YES;
				CLANG_WARN_UNREACHABLE_CODE = YES;
				CLANG_WARN__DUPLICATE_METHOD_MATCH = YES;
				"CODE_SIGN_IDENTITY[sdk=iphoneos*]" = "iPhone Developer";
				COPY_PHASE_STRIP = NO;
				DEBUG_INFORMATION_FORMAT = dwarf;
				ENABLE_STRICT_OBJC_MSGSEND = YES;
				ENABLE_TESTABILITY = YES;
				GCC_C_LANGUAGE_STANDARD = gnu99;
				GCC_DYNAMIC_NO_PIC = NO;
				GCC_NO_COMMON_BLOCKS = YES;
				GCC_OPTIMIZATION_LEVEL = 0;
				GCC_PREPROCESSOR_DEFINITIONS = (
					"DEBUG=1",
					"$(inherited)",
				);
				GCC_WARN_64_TO_32_BIT_CONVERSION = YES;
				GCC_WARN_ABOUT_RETURN_TYPE = YES_ERROR;
				GCC_WARN_UNDECLARED_SELECTOR = YES;
				GCC_WARN_UNINITIALIZED_AUTOS = YES_AGGRESSIVE;
				GCC_WARN_UNUSED_FUNCTION = YES;
				GCC_WARN_UNUSED_VARIABLE = YES;
				IPHONEOS_DEPLOYMENT_TARGET = 10.1;
				MTL_ENABLE_DEBUG_INFO = YES;
				ONLY_ACTIVE_ARCH = YES;
				SDKROOT = iphoneos;
				TARGETED_DEVICE_FAMILY = "1,2";
			};
			name = Debug;
		};
		6E31E0941DD564B5009E137A /* Release */ = {
			isa = XCBuildConfiguration;
			buildSettings = {
				ALWAYS_SEARCH_USER_PATHS = NO;
				CLANG_ANALYZER_NONNULL = YES;
				CLANG_CXX_LANGUAGE_STANDARD = "gnu++0x";
				CLANG_CXX_LIBRARY = "libc++";
				CLANG_ENABLE_MODULES = YES;
				CLANG_ENABLE_OBJC_ARC = YES;
				CLANG_WARN_BOOL_CONVERSION = YES;
				CLANG_WARN_CONSTANT_CONVERSION = YES;
				CLANG_WARN_DIRECT_OBJC_ISA_USAGE = YES_ERROR;
				CLANG_WARN_DOCUMENTATION_COMMENTS = YES;
				CLANG_WARN_EMPTY_BODY = YES;
				CLANG_WARN_ENUM_CONVERSION = YES;
				CLANG_WARN_INFINITE_RECURSION = YES;
				CLANG_WARN_INT_CONVERSION = YES;
				CLANG_WARN_OBJC_ROOT_CLASS = YES_ERROR;
				CLANG_WARN_SUSPICIOUS_MOVE = YES;
				CLANG_WARN_SUSPICIOUS_MOVES = YES;
				CLANG_WARN_UNREACHABLE_CODE = YES;
				CLANG_WARN__DUPLICATE_METHOD_MATCH = YES;
				"CODE_SIGN_IDENTITY[sdk=iphoneos*]" = "iPhone Developer";
				COPY_PHASE_STRIP = NO;
				DEBUG_INFORMATION_FORMAT = "dwarf-with-dsym";
				ENABLE_NS_ASSERTIONS = NO;
				ENABLE_STRICT_OBJC_MSGSEND = YES;
				GCC_C_LANGUAGE_STANDARD = gnu99;
				GCC_NO_COMMON_BLOCKS = YES;
				GCC_WARN_64_TO_32_BIT_CONVERSION = YES;
				GCC_WARN_ABOUT_RETURN_TYPE = YES_ERROR;
				GCC_WARN_UNDECLARED_SELECTOR = YES;
				GCC_WARN_UNINITIALIZED_AUTOS = YES_AGGRESSIVE;
				GCC_WARN_UNUSED_FUNCTION = YES;
				GCC_WARN_UNUSED_VARIABLE = YES;
				IPHONEOS_DEPLOYMENT_TARGET = 10.1;
				MTL_ENABLE_DEBUG_INFO = NO;
				SDKROOT = iphoneos;
				TARGETED_DEVICE_FAMILY = "1,2";
				VALIDATE_PRODUCT = YES;
			};
			name = Release;
		};
		6E31E0961DD564B5009E137A /* Debug */ = {
			isa = XCBuildConfiguration;
			baseConfigurationReference = 9BF3F9612BDF5883ED83A701 /* Pods-HooViewApp.debug.xcconfig */;
			buildSettings = {
				ASSETCATALOG_COMPILER_APPICON_NAME = AppIcon;
				ASSETCATALOG_COMPILER_LAUNCHIMAGE_NAME = LaunchImage;
				DEVELOPMENT_TEAM = 8YE8AXL3F3;
				FRAMEWORK_SEARCH_PATHS = (
					"$(inherited)",
					"$(PROJECT_DIR)/Libs/QQSDK",
				);
				INFOPLIST_FILE = HooViewApp/Info.plist;
				IPHONEOS_DEPLOYMENT_TARGET = 8.1;
				LD_RUNPATH_SEARCH_PATHS = "$(inherited) @executable_path/Frameworks";
				LIBRARY_SEARCH_PATHS = (
					"$(inherited)",
					"$(PROJECT_DIR)/Libs/WeChatSDK",
					"$(PROJECT_DIR)/Libs/WeiBoSDK",
				);
				PRODUCT_BUNDLE_IDENTIFIER = com.hooview.app;
				PRODUCT_NAME = "$(TARGET_NAME)";
				TARGETED_DEVICE_FAMILY = 1;
			};
			name = Debug;
		};
		6E31E0971DD564B5009E137A /* Release */ = {
			isa = XCBuildConfiguration;
			baseConfigurationReference = 9B3BA73F93955EB410DD4FC6 /* Pods-HooViewApp.release.xcconfig */;
			buildSettings = {
				ASSETCATALOG_COMPILER_APPICON_NAME = AppIcon;
				ASSETCATALOG_COMPILER_LAUNCHIMAGE_NAME = LaunchImage;
				DEVELOPMENT_TEAM = 8YE8AXL3F3;
				FRAMEWORK_SEARCH_PATHS = (
					"$(inherited)",
					"$(PROJECT_DIR)/Libs/QQSDK",
				);
				INFOPLIST_FILE = HooViewApp/Info.plist;
				IPHONEOS_DEPLOYMENT_TARGET = 8.1;
				LD_RUNPATH_SEARCH_PATHS = "$(inherited) @executable_path/Frameworks";
				LIBRARY_SEARCH_PATHS = (
					"$(inherited)",
					"$(PROJECT_DIR)/Libs/WeChatSDK",
					"$(PROJECT_DIR)/Libs/WeiBoSDK",
				);
				PRODUCT_BUNDLE_IDENTIFIER = com.hooview.app;
				PRODUCT_NAME = "$(TARGET_NAME)";
				TARGETED_DEVICE_FAMILY = 1;
			};
			name = Release;
		};
		6E31E0991DD564B5009E137A /* Debug */ = {
			isa = XCBuildConfiguration;
			buildSettings = {
				BUNDLE_LOADER = "$(TEST_HOST)";
				DEVELOPMENT_TEAM = UGJ4QZYMFY;
				INFOPLIST_FILE = HooViewAppTests/Info.plist;
				LD_RUNPATH_SEARCH_PATHS = "$(inherited) @executable_path/Frameworks @loader_path/Frameworks";
				PRODUCT_BUNDLE_IDENTIFIER = com.hooview.HooViewAppTests;
				PRODUCT_NAME = "$(TARGET_NAME)";
				TEST_HOST = "$(BUILT_PRODUCTS_DIR)/HooViewApp.app/HooViewApp";
			};
			name = Debug;
		};
		6E31E09A1DD564B5009E137A /* Release */ = {
			isa = XCBuildConfiguration;
			buildSettings = {
				BUNDLE_LOADER = "$(TEST_HOST)";
				DEVELOPMENT_TEAM = UGJ4QZYMFY;
				INFOPLIST_FILE = HooViewAppTests/Info.plist;
				LD_RUNPATH_SEARCH_PATHS = "$(inherited) @executable_path/Frameworks @loader_path/Frameworks";
				PRODUCT_BUNDLE_IDENTIFIER = com.hooview.HooViewAppTests;
				PRODUCT_NAME = "$(TARGET_NAME)";
				TEST_HOST = "$(BUILT_PRODUCTS_DIR)/HooViewApp.app/HooViewApp";
			};
			name = Release;
		};
		6E31E09C1DD564B5009E137A /* Debug */ = {
			isa = XCBuildConfiguration;
			buildSettings = {
				DEVELOPMENT_TEAM = UGJ4QZYMFY;
				INFOPLIST_FILE = HooViewAppUITests/Info.plist;
				LD_RUNPATH_SEARCH_PATHS = "$(inherited) @executable_path/Frameworks @loader_path/Frameworks";
				PRODUCT_BUNDLE_IDENTIFIER = com.hooview.HooViewAppUITests;
				PRODUCT_NAME = "$(TARGET_NAME)";
				TEST_TARGET_NAME = HooViewApp;
			};
			name = Debug;
		};
		6E31E09D1DD564B5009E137A /* Release */ = {
			isa = XCBuildConfiguration;
			buildSettings = {
				DEVELOPMENT_TEAM = UGJ4QZYMFY;
				INFOPLIST_FILE = HooViewAppUITests/Info.plist;
				LD_RUNPATH_SEARCH_PATHS = "$(inherited) @executable_path/Frameworks @loader_path/Frameworks";
				PRODUCT_BUNDLE_IDENTIFIER = com.hooview.HooViewAppUITests;
				PRODUCT_NAME = "$(TARGET_NAME)";
				TEST_TARGET_NAME = HooViewApp;
			};
			name = Release;
		};
/* End XCBuildConfiguration section */

/* Begin XCConfigurationList section */
		6E31E0631DD564B5009E137A /* Build configuration list for PBXProject "HooViewApp" */ = {
			isa = XCConfigurationList;
			buildConfigurations = (
				6E31E0931DD564B5009E137A /* Debug */,
				6E31E0941DD564B5009E137A /* Release */,
			);
			defaultConfigurationIsVisible = 0;
			defaultConfigurationName = Release;
		};
		6E31E0951DD564B5009E137A /* Build configuration list for PBXNativeTarget "HooViewApp" */ = {
			isa = XCConfigurationList;
			buildConfigurations = (
				6E31E0961DD564B5009E137A /* Debug */,
				6E31E0971DD564B5009E137A /* Release */,
			);
			defaultConfigurationIsVisible = 0;
			defaultConfigurationName = Release;
		};
		6E31E0981DD564B5009E137A /* Build configuration list for PBXNativeTarget "HooViewAppTests" */ = {
			isa = XCConfigurationList;
			buildConfigurations = (
				6E31E0991DD564B5009E137A /* Debug */,
				6E31E09A1DD564B5009E137A /* Release */,
			);
			defaultConfigurationIsVisible = 0;
			defaultConfigurationName = Release;
		};
		6E31E09B1DD564B5009E137A /* Build configuration list for PBXNativeTarget "HooViewAppUITests" */ = {
			isa = XCConfigurationList;
			buildConfigurations = (
				6E31E09C1DD564B5009E137A /* Debug */,
				6E31E09D1DD564B5009E137A /* Release */,
			);
			defaultConfigurationIsVisible = 0;
			defaultConfigurationName = Release;
		};
/* End XCConfigurationList section */
	};
	rootObject = 6E31E0601DD564B5009E137A /* Project object */;
}
